
Microsoft Visual Studio Solution File, Format Version 12.00
# Visual Studio Version 16
VisualStudioVersion = 16.0.30611.23
MinimumVisualStudioVersion = 10.0.40219.1
Project("{FAE04EC0-301F-11D3-BF4B-00C04F79EFBC}") = "Stoian_Iuliana_Lab2", "Stoian_Iuliana_Lab2.csproj", "{59FCE9C5-DA78-40B5-99B9-82F33EE19CFF}"
EndProject
Global
	GlobalSection(SolutionConfigurationPlatforms) = preSolution
		Debug|Any CPU = Debug|Any CPU
		Release|Any CPU = Release|Any CPU
	EndGlobalSection
	GlobalSection(ProjectConfigurationPlatforms) = postSolution
		{59FCE9C5-DA78-40B5-99B9-82F33EE19CFF}.Debug|Any CPU.ActiveCfg = Debug|Any CPU
		{59FCE9C5-DA78-40B5-99B9-82F33EE19CFF}.Debug|Any CPU.Build.0 = Debug|Any CPU
		{59FCE9C5-DA78-40B5-99B9-82F33EE19CFF}.Release|Any CPU.ActiveCfg = Release|Any CPU
		{59FCE9C5-DA78-40B5-99B9-82F33EE19CFF}.Release|Any CPU.Build.0 = Release|Any CPU
	EndGlobalSection
	GlobalSection(SolutionProperties) = preSolution
		HideSolutionNode = FALSE
	EndGlobalSection
	GlobalSection(ExtensibilityGlobals) = postSolution
		SolutionGuid = {F9245249-AFC5-4B07-BE5E-2408982C0CCC}
	EndGlobalSection
EndGlobal
